
Microsoft Visual Studio Solution File, Format Version 12.00
# Visual Studio 15
VisualStudioVersion = 15.0.28307.572
MinimumVisualStudioVersion = 10.0.40219.1
Project("{FAE04EC0-301F-11D3-BF4B-00C04F79EFBC}") = "ChangeFeedGraph", "ChangeFeedGraph\ChangeFeedGraph.csproj", "{6C9519DE-4365-4BD0-9A6B-B6BE4DF7777F}"
EndProject
Global
	GlobalSection(SolutionConfigurationPlatforms) = preSolution
		Debug|Any CPU = Debug|Any CPU
		Release|Any CPU = Release|Any CPU
	EndGlobalSection
	GlobalSection(ProjectConfigurationPlatforms) = postSolution
		{6C9519DE-4365-4BD0-9A6B-B6BE4DF7777F}.Debug|Any CPU.ActiveCfg = Debug|Any CPU
		{6C9519DE-4365-4BD0-9A6B-B6BE4DF7777F}.Debug|Any CPU.Build.0 = Debug|Any CPU
		{6C9519DE-4365-4BD0-9A6B-B6BE4DF7777F}.Release|Any CPU.ActiveCfg = Release|Any CPU
		{6C9519DE-4365-4BD0-9A6B-B6BE4DF7777F}.Release|Any CPU.Build.0 = Release|Any CPU
	EndGlobalSection
	GlobalSection(SolutionProperties) = preSolution
		HideSolutionNode = FALSE
	EndGlobalSection
	GlobalSection(ExtensibilityGlobals) = postSolution
		SolutionGuid = {6E8B778A-7203-4E53-B856-E67C74ED4538}
	EndGlobalSection
EndGlobal
